
Microsoft Visual Studio Solution File, Format Version 12.00
# Visual Studio Version 16
VisualStudioVersion = 16.0.31205.134
MinimumVisualStudioVersion = 10.0.40219.1
Project("{FAE04EC0-301F-11D3-BF4B-00C04F79EFBC}") = "Fennel", "Fennel\Fennel.csproj", "{109CBCCF-AFED-4C3A-BC8F-EEC2D8070E8D}"
EndProject
Global
	GlobalSection(SolutionConfigurationPlatforms) = preSolution
		Debug|Any CPU = Debug|Any CPU
		Release|Any CPU = Release|Any CPU
	EndGlobalSection
	GlobalSection(ProjectConfigurationPlatforms) = postSolution
		{109CBCCF-AFED-4C3A-BC8F-EEC2D8070E8D}.Debug|Any CPU.ActiveCfg = Debug|Any CPU
		{109CBCCF-AFED-4C3A-BC8F-EEC2D8070E8D}.Debug|Any CPU.Build.0 = Debug|Any CPU
		{109CBCCF-AFED-4C3A-BC8F-EEC2D8070E8D}.Release|Any CPU.ActiveCfg = Release|Any CPU
		{109CBCCF-AFED-4C3A-BC8F-EEC2D8070E8D}.Release|Any CPU.Build.0 = Release|Any CPU
	EndGlobalSection
	GlobalSection(SolutionProperties) = preSolution
		HideSolutionNode = FALSE
	EndGlobalSection
	GlobalSection(ExtensibilityGlobals) = postSolution
		SolutionGuid = {7DA933C2-E2AB-45DA-BED5-527475091E61}
	EndGlobalSection
EndGlobal
